
Microsoft Visual Studio Solution File, Format Version 12.00
# Visual Studio Version 16
VisualStudioVersion = 16.0.30011.22
MinimumVisualStudioVersion = 10.0.40219.1
Project("{FAE04EC0-301F-11D3-BF4B-00C04F79EFBC}") = "WreckerCar", "WreckerCar\WreckerCar.csproj", "{07DA5FCD-25F9-4BF8-A28D-9939E4A7208C}"
EndProject
Global
	GlobalSection(SolutionConfigurationPlatforms) = preSolution
		Debug|Any CPU = Debug|Any CPU
		Release|Any CPU = Release|Any CPU
	EndGlobalSection
	GlobalSection(ProjectConfigurationPlatforms) = postSolution
		{07DA5FCD-25F9-4BF8-A28D-9939E4A7208C}.Debug|Any CPU.ActiveCfg = Debug|Any CPU
		{07DA5FCD-25F9-4BF8-A28D-9939E4A7208C}.Debug|Any CPU.Build.0 = Debug|Any CPU
		{07DA5FCD-25F9-4BF8-A28D-9939E4A7208C}.Release|Any CPU.ActiveCfg = Release|Any CPU
		{07DA5FCD-25F9-4BF8-A28D-9939E4A7208C}.Release|Any CPU.Build.0 = Release|Any CPU
	EndGlobalSection
	GlobalSection(SolutionProperties) = preSolution
		HideSolutionNode = FALSE
	EndGlobalSection
	GlobalSection(ExtensibilityGlobals) = postSolution
		SolutionGuid = {45531EC0-CAD4-4380-8E3C-2C6C933E16D7}
	EndGlobalSection
EndGlobal
